
Microsoft Visual Studio Solution File, Format Version 12.00
# Visual Studio Version 16
VisualStudioVersion = 16.0.30114.105
MinimumVisualStudioVersion = 10.0.40219.1
Project("{FAE04EC0-301F-11D3-BF4B-00C04F79EFBC}") = "StoreKeys", "StoreKeys\StoreKeys.csproj", "{15AB3C6B-9EEC-4C25-95B0-F5E9F0B0B2ED}"
EndProject
Global
	GlobalSection(SolutionConfigurationPlatforms) = preSolution
		Debug|Any CPU = Debug|Any CPU
		Release|Any CPU = Release|Any CPU
	EndGlobalSection
	GlobalSection(ProjectConfigurationPlatforms) = postSolution
		{15AB3C6B-9EEC-4C25-95B0-F5E9F0B0B2ED}.Debug|Any CPU.ActiveCfg = Debug|Any CPU
		{15AB3C6B-9EEC-4C25-95B0-F5E9F0B0B2ED}.Debug|Any CPU.Build.0 = Debug|Any CPU
		{15AB3C6B-9EEC-4C25-95B0-F5E9F0B0B2ED}.Release|Any CPU.ActiveCfg = Release|Any CPU
		{15AB3C6B-9EEC-4C25-95B0-F5E9F0B0B2ED}.Release|Any CPU.Build.0 = Release|Any CPU
	EndGlobalSection
	GlobalSection(SolutionProperties) = preSolution
		HideSolutionNode = FALSE
	EndGlobalSection
	GlobalSection(ExtensibilityGlobals) = postSolution
		SolutionGuid = {E9E5D164-55B6-404F-8006-68C399D24719}
	EndGlobalSection
EndGlobal
